
Microsoft Visual Studio Solution File, Format Version 12.00
# Visual Studio Version 17
VisualStudioVersion = 17.7.34003.232
MinimumVisualStudioVersion = 10.0.40219.1
Project("{8BC9CEB8-8B4A-11D0-8D11-00A0C91BC942}") = "sbcodebooks4", "sbcodebooks4\sbcodebooks4.vcxproj", "{5EF1F6B7-292C-4880-B004-FAC679B3950F}"
EndProject
Project("{8BC9CEB8-8B4A-11D0-8D11-00A0C91BC942}") = "sbvideo4", "sbvideo4\sbvideo4.vcxproj", "{A37BBA8C-CC09-46FA-83F8-AE9269CF7F32}"
EndProject
Project("{8BC9CEB8-8B4A-11D0-8D11-00A0C91BC942}") = "sbmux4", "sbmux4\sbmux4.vcxproj", "{5F2C8BB8-0627-45CC-8FFF-61854A0005B5}"
EndProject
Global
	GlobalSection(SolutionConfigurationPlatforms) = preSolution
		Debug|Win32 = Debug|Win32
		Release|Win32 = Release|Win32
	EndGlobalSection
	GlobalSection(ProjectConfigurationPlatforms) = postSolution
		{5EF1F6B7-292C-4880-B004-FAC679B3950F}.Debug|Win32.ActiveCfg = Debug|Win32
		{5EF1F6B7-292C-4880-B004-FAC679B3950F}.Debug|Win32.Build.0 = Debug|Win32
		{5EF1F6B7-292C-4880-B004-FAC679B3950F}.Release|Win32.ActiveCfg = Release|Win32
		{5EF1F6B7-292C-4880-B004-FAC679B3950F}.Release|Win32.Build.0 = Release|Win32
		{A37BBA8C-CC09-46FA-83F8-AE9269CF7F32}.Debug|Win32.ActiveCfg = Debug|Win32
		{A37BBA8C-CC09-46FA-83F8-AE9269CF7F32}.Debug|Win32.Build.0 = Debug|Win32
		{A37BBA8C-CC09-46FA-83F8-AE9269CF7F32}.Release|Win32.ActiveCfg = Release|Win32
		{A37BBA8C-CC09-46FA-83F8-AE9269CF7F32}.Release|Win32.Build.0 = Release|Win32
		{5F2C8BB8-0627-45CC-8FFF-61854A0005B5}.Debug|Win32.ActiveCfg = Debug|Win32
		{5F2C8BB8-0627-45CC-8FFF-61854A0005B5}.Debug|Win32.Build.0 = Debug|Win32
		{5F2C8BB8-0627-45CC-8FFF-61854A0005B5}.Release|Win32.ActiveCfg = Release|Win32
		{5F2C8BB8-0627-45CC-8FFF-61854A0005B5}.Release|Win32.Build.0 = Release|Win32
	EndGlobalSection
	GlobalSection(SolutionProperties) = preSolution
		HideSolutionNode = FALSE
	EndGlobalSection
	GlobalSection(ExtensibilityGlobals) = postSolution
		SolutionGuid = {9FC6E1AB-3B56-4640-A7B2-801B1C6D73E1}
	EndGlobalSection
EndGlobal
